{
  "name": "com.aeotec",
  "version": "1.0.0",
  "lockfileVersion": 1,
  "requires": true,
  "dependencies": {
    "almost-equal": {
      "version": "1.1.0",
      "resolved": "https://registry.npmjs.org/almost-equal/-/almost-equal-1.1.0.tgz",
      "integrity": "sha1-+FHGMROHV5lCdqou++jfowZszN0="
    },
    "color-space": {
      "version": "1.16.0",
      "resolved": "https://registry.npmjs.org/color-space/-/color-space-1.16.0.tgz",
      "integrity": "sha512-A6WMiFzunQ8KEPFmj02OnnoUnqhmSaHaZ/0LVFcPTdlvm8+3aMJ5x1HRHy3bDHPkovkf4sS0f4wsVvwk71fKkg==",
      "requires": {
        "hsluv": "^0.0.3",
        "mumath": "^3.3.4"
      }
    },
    "homey-log": {
      "version": "1.0.2",
      "resolved": "https://registry.npmjs.org/homey-log/-/homey-log-1.0.2.tgz",
      "integrity": "sha1-yaDatkcYvY27HuzGIiyt/iq+toQ=",
      "requires": {
        "raven": "^0.12.3"
      },
      "dependencies": {
        "raven": {
          "version": "0.12.3",
          "resolved": "https://registry.npmjs.org/raven/-/raven-0.12.3.tgz",
          "integrity": "sha1-GnDwSiJA0pHYNgO0AWLEutpxMlw=",
          "requires": {
            "cookie": "0.3.1",
            "json-stringify-safe": "5.0.1",
            "lsmod": "1.0.0",
            "stack-trace": "0.0.9",
            "uuid": "3.0.0"
          },
          "dependencies": {
            "cookie": {
              "version": "0.3.1",
              "resolved": "https://registry.npmjs.org/cookie/-/cookie-0.3.1.tgz",
              "integrity": "sha1-5+Ch+e9DtMi6klxcWpboBtFoc7s="
            },
            "json-stringify-safe": {
              "version": "5.0.1",
              "resolved": "https://registry.npmjs.org/json-stringify-safe/-/json-stringify-safe-5.0.1.tgz",
              "integrity": "sha1-Epai1Y/UXxmg9s4B1lcB4sc1tus="
            },
            "lsmod": {
              "version": "1.0.0",
              "resolved": "https://registry.npmjs.org/lsmod/-/lsmod-1.0.0.tgz",
              "integrity": "sha1-mgD3bco26yP6BTUK/htYXUKZ5ks="
            },
            "stack-trace": {
              "version": "0.0.9",
              "resolved": "https://registry.npmjs.org/stack-trace/-/stack-trace-0.0.9.tgz",
              "integrity": "sha1-qPbq7KkGdMMz58Q5U/J1tFFRBpU="
            },
            "uuid": {
              "version": "3.0.0",
              "resolved": "https://registry.npmjs.org/uuid/-/uuid-3.0.0.tgz",
              "integrity": "sha1-Zyj8BFnEUNeWqZwxg3VpvfZy1yg="
            }
          }
        }
      }
    },
    "homey-meshdriver": {
      "version": "1.2.18",
      "resolved": "https://registry.npmjs.org/homey-meshdriver/-/homey-meshdriver-1.2.18.tgz",
      "integrity": "sha512-S3h748wXK4JAehFU7ThEsps2GppIXrlj7d/OejdOnsX9c06tpVysp3diUnzqgfNJQx3oLiY8ltDjw9V4VWR9cQ==",
      "requires": {
        "color-space": "^1.14.7"
      }
    },
    "homey-zwavedriver": {
      "version": "git+https://github.com/athombv/node-homey-zwavedriver.git#e40b3b643afe637babd76edbb262adc16b51b51e",
      "from": "git+https://github.com/athombv/node-homey-zwavedriver.git"
    },
    "hsluv": {
      "version": "0.0.3",
      "resolved": "https://registry.npmjs.org/hsluv/-/hsluv-0.0.3.tgz",
      "integrity": "sha1-gpEH2vtKn4tSoYCe0C4JHq3mdUw="
    },
    "mumath": {
      "version": "3.3.4",
      "resolved": "https://registry.npmjs.org/mumath/-/mumath-3.3.4.tgz",
      "integrity": "sha1-SNSg8P2MrU57Mglu6JsWGmPTC78=",
      "requires": {
        "almost-equal": "^1.1.0"
      }
    },
    "tinycolor2": {
      "version": "1.4.1",
      "resolved": "https://registry.npmjs.org/tinycolor2/-/tinycolor2-1.4.1.tgz",
      "integrity": "sha1-9PrTM0R7wLB9TcjpIJ2POaisd+g="
    }
  }
}
